
Microsoft Visual Studio Solution File, Format Version 12.00
# Visual Studio Version 17
VisualStudioVersion = 17.0.31903.59
MinimumVisualStudioVersion = 10.0.40219.1
Project("{FAE04EC0-301F-11D3-BF4B-00C04F79EFBC}") = "prgo2", "prgo2\prgo2.csproj", "{64ABB601-CBC1-42EF-9574-9DC046B77448}"
EndProject
Global
	GlobalSection(SolutionConfigurationPlatforms) = preSolution
		Debug|Any CPU = Debug|Any CPU
		Release|Any CPU = Release|Any CPU
	EndGlobalSection
	GlobalSection(SolutionProperties) = preSolution
		HideSolutionNode = FALSE
	EndGlobalSection
	GlobalSection(ProjectConfigurationPlatforms) = postSolution
		{64ABB601-CBC1-42EF-9574-9DC046B77448}.Debug|Any CPU.ActiveCfg = Debug|Any CPU
		{64ABB601-CBC1-42EF-9574-9DC046B77448}.Debug|Any CPU.Build.0 = Debug|Any CPU
		{64ABB601-CBC1-42EF-9574-9DC046B77448}.Release|Any CPU.ActiveCfg = Release|Any CPU
		{64ABB601-CBC1-42EF-9574-9DC046B77448}.Release|Any CPU.Build.0 = Release|Any CPU
	EndGlobalSection
EndGlobal
